
Microsoft Visual Studio Solution File, Format Version 12.00
# Visual Studio 15
VisualStudioVersion = 15.0.28307.572
MinimumVisualStudioVersion = 10.0.40219.1
Project("{FAE04EC0-301F-11D3-BF4B-00C04F79EFBC}") = "RankingTheRealEstateAgents.Web", "RankingTheRealEstateAgents.Web\RankingTheRealEstateAgents.Web.csproj", "{426C1392-2A9F-4EB8-BA76-CD7E1E4E68B6}"
EndProject
Project("{FAE04EC0-301F-11D3-BF4B-00C04F79EFBC}") = "RankingTheRealEstateAgents.Core", "RankingTheRealEstateAgents.Core\RankingTheRealEstateAgents.Core.csproj", "{74BBE69A-6E50-4143-BD15-B8C9923EB9EE}"
EndProject
Project("{FAE04EC0-301F-11D3-BF4B-00C04F79EFBC}") = "RankingTheRealEstateAgents.Data", "RankingTheRealEstateAgents.Data\RankingTheRealEstateAgents.Data.csproj", "{83D7A8FD-D9A4-4C1F-9832-450B53088EB1}"
EndProject
Global
	GlobalSection(SolutionConfigurationPlatforms) = preSolution
		Debug|Any CPU = Debug|Any CPU
		Release|Any CPU = Release|Any CPU
	EndGlobalSection
	GlobalSection(ProjectConfigurationPlatforms) = postSolution
		{426C1392-2A9F-4EB8-BA76-CD7E1E4E68B6}.Debug|Any CPU.ActiveCfg = Debug|Any CPU
		{426C1392-2A9F-4EB8-BA76-CD7E1E4E68B6}.Debug|Any CPU.Build.0 = Debug|Any CPU
		{426C1392-2A9F-4EB8-BA76-CD7E1E4E68B6}.Release|Any CPU.ActiveCfg = Release|Any CPU
		{426C1392-2A9F-4EB8-BA76-CD7E1E4E68B6}.Release|Any CPU.Build.0 = Release|Any CPU
		{74BBE69A-6E50-4143-BD15-B8C9923EB9EE}.Debug|Any CPU.ActiveCfg = Debug|Any CPU
		{74BBE69A-6E50-4143-BD15-B8C9923EB9EE}.Debug|Any CPU.Build.0 = Debug|Any CPU
		{74BBE69A-6E50-4143-BD15-B8C9923EB9EE}.Release|Any CPU.ActiveCfg = Release|Any CPU
		{74BBE69A-6E50-4143-BD15-B8C9923EB9EE}.Release|Any CPU.Build.0 = Release|Any CPU
		{83D7A8FD-D9A4-4C1F-9832-450B53088EB1}.Debug|Any CPU.ActiveCfg = Debug|Any CPU
		{83D7A8FD-D9A4-4C1F-9832-450B53088EB1}.Debug|Any CPU.Build.0 = Debug|Any CPU
		{83D7A8FD-D9A4-4C1F-9832-450B53088EB1}.Release|Any CPU.ActiveCfg = Release|Any CPU
		{83D7A8FD-D9A4-4C1F-9832-450B53088EB1}.Release|Any CPU.Build.0 = Release|Any CPU
	EndGlobalSection
	GlobalSection(SolutionProperties) = preSolution
		HideSolutionNode = FALSE
	EndGlobalSection
	GlobalSection(ExtensibilityGlobals) = postSolution
		SolutionGuid = {D59BA2D2-99DE-41D2-BD24-E8A7D73860F7}
	EndGlobalSection
EndGlobal
